
Microsoft Visual Studio Solution File, Format Version 12.00
# Visual Studio Version 16
VisualStudioVersion = 16.0.32126.315
MinimumVisualStudioVersion = 10.0.40219.1
Project("{FAE04EC0-301F-11D3-BF4B-00C04F79EFBC}") = "WatchesShop", "WatchShop\WatchesShop.csproj", "{FB4C32C2-71DF-40A9-B92E-AB33C6910DB5}"
EndProject
Global
	GlobalSection(SolutionConfigurationPlatforms) = preSolution
		Debug|Any CPU = Debug|Any CPU
		Release|Any CPU = Release|Any CPU
	EndGlobalSection
	GlobalSection(ProjectConfigurationPlatforms) = postSolution
		{FB4C32C2-71DF-40A9-B92E-AB33C6910DB5}.Debug|Any CPU.ActiveCfg = Debug|Any CPU
		{FB4C32C2-71DF-40A9-B92E-AB33C6910DB5}.Debug|Any CPU.Build.0 = Debug|Any CPU
		{FB4C32C2-71DF-40A9-B92E-AB33C6910DB5}.Release|Any CPU.ActiveCfg = Release|Any CPU
		{FB4C32C2-71DF-40A9-B92E-AB33C6910DB5}.Release|Any CPU.Build.0 = Release|Any CPU
	EndGlobalSection
	GlobalSection(SolutionProperties) = preSolution
		HideSolutionNode = FALSE
	EndGlobalSection
	GlobalSection(ExtensibilityGlobals) = postSolution
		SolutionGuid = {3105D47C-BAD3-42BE-AF7C-394C3EC42A18}
	EndGlobalSection
EndGlobal
